
Microsoft Visual Studio Solution File, Format Version 12.00
# Visual Studio Version 16
VisualStudioVersion = 16.0.30104.148
MinimumVisualStudioVersion = 10.0.40219.1
Project("{FAE04EC0-301F-11D3-BF4B-00C04F79EFBC}") = "CRUDOperationsTask", "CRUDOperationsTask\CRUDOperationsTask.csproj", "{4A4836F4-2C94-460E-A0C2-EDAC84B06086}"
EndProject
Project("{FAE04EC0-301F-11D3-BF4B-00C04F79EFBC}") = "Entities", "Entities\Entities.csproj", "{52501410-F5B9-48CF-B1CE-833716DDF73E}"
EndProject
Project("{FAE04EC0-301F-11D3-BF4B-00C04F79EFBC}") = "Repositires", "Repositires\Repositires.csproj", "{FC531608-5BD7-4954-AF8F-96DD55C2559A}"
EndProject
Project("{FAE04EC0-301F-11D3-BF4B-00C04F79EFBC}") = "Services", "Services\Services.csproj", "{88AFCBAB-8D12-4655-9598-3271EAA858D8}"
EndProject
Project("{FAE04EC0-301F-11D3-BF4B-00C04F79EFBC}") = "ViewModel", "ViewModel\ViewModel.csproj", "{6257646D-CA82-4211-AD77-027820A45A00}"
EndProject
Global
	GlobalSection(SolutionConfigurationPlatforms) = preSolution
		Debug|Any CPU = Debug|Any CPU
		Release|Any CPU = Release|Any CPU
	EndGlobalSection
	GlobalSection(ProjectConfigurationPlatforms) = postSolution
		{4A4836F4-2C94-460E-A0C2-EDAC84B06086}.Debug|Any CPU.ActiveCfg = Debug|Any CPU
		{4A4836F4-2C94-460E-A0C2-EDAC84B06086}.Debug|Any CPU.Build.0 = Debug|Any CPU
		{4A4836F4-2C94-460E-A0C2-EDAC84B06086}.Release|Any CPU.ActiveCfg = Release|Any CPU
		{4A4836F4-2C94-460E-A0C2-EDAC84B06086}.Release|Any CPU.Build.0 = Release|Any CPU
		{52501410-F5B9-48CF-B1CE-833716DDF73E}.Debug|Any CPU.ActiveCfg = Debug|Any CPU
		{52501410-F5B9-48CF-B1CE-833716DDF73E}.Debug|Any CPU.Build.0 = Debug|Any CPU
		{52501410-F5B9-48CF-B1CE-833716DDF73E}.Release|Any CPU.ActiveCfg = Release|Any CPU
		{52501410-F5B9-48CF-B1CE-833716DDF73E}.Release|Any CPU.Build.0 = Release|Any CPU
		{FC531608-5BD7-4954-AF8F-96DD55C2559A}.Debug|Any CPU.ActiveCfg = Debug|Any CPU
		{FC531608-5BD7-4954-AF8F-96DD55C2559A}.Debug|Any CPU.Build.0 = Debug|Any CPU
		{FC531608-5BD7-4954-AF8F-96DD55C2559A}.Release|Any CPU.ActiveCfg = Release|Any CPU
		{FC531608-5BD7-4954-AF8F-96DD55C2559A}.Release|Any CPU.Build.0 = Release|Any CPU
		{88AFCBAB-8D12-4655-9598-3271EAA858D8}.Debug|Any CPU.ActiveCfg = Debug|Any CPU
		{88AFCBAB-8D12-4655-9598-3271EAA858D8}.Debug|Any CPU.Build.0 = Debug|Any CPU
		{88AFCBAB-8D12-4655-9598-3271EAA858D8}.Release|Any CPU.ActiveCfg = Release|Any CPU
		{88AFCBAB-8D12-4655-9598-3271EAA858D8}.Release|Any CPU.Build.0 = Release|Any CPU
		{6257646D-CA82-4211-AD77-027820A45A00}.Debug|Any CPU.ActiveCfg = Debug|Any CPU
		{6257646D-CA82-4211-AD77-027820A45A00}.Debug|Any CPU.Build.0 = Debug|Any CPU
		{6257646D-CA82-4211-AD77-027820A45A00}.Release|Any CPU.ActiveCfg = Release|Any CPU
		{6257646D-CA82-4211-AD77-027820A45A00}.Release|Any CPU.Build.0 = Release|Any CPU
	EndGlobalSection
	GlobalSection(SolutionProperties) = preSolution
		HideSolutionNode = FALSE
	EndGlobalSection
	GlobalSection(ExtensibilityGlobals) = postSolution
		SolutionGuid = {7D53CCD8-C8C6-43C9-8E2D-C66E1E82399B}
	EndGlobalSection
EndGlobal
